
Microsoft Visual Studio Solution File, Format Version 12.00
# Visual Studio Version 17
VisualStudioVersion = 17.7.34202.233
MinimumVisualStudioVersion = 10.0.40219.1
Project("{8BC9CEB8-8B4A-11D0-8D11-00A0C91BC942}") = "ConsoleApplication2", "ConsoleApplication2\ConsoleApplication2.vcxproj", "{E29DE9F5-7DE1-496A-9E48-65007F2D2376}"
EndProject
Global
	GlobalSection(SolutionConfigurationPlatforms) = preSolution
		Debug|x64 = Debug|x64
		Debug|x86 = Debug|x86
		Release|x64 = Release|x64
		Release|x86 = Release|x86
	EndGlobalSection
	GlobalSection(ProjectConfigurationPlatforms) = postSolution
		{E29DE9F5-7DE1-496A-9E48-65007F2D2376}.Debug|x64.ActiveCfg = Debug|x64
		{E29DE9F5-7DE1-496A-9E48-65007F2D2376}.Debug|x64.Build.0 = Debug|x64
		{E29DE9F5-7DE1-496A-9E48-65007F2D2376}.Debug|x86.ActiveCfg = Debug|Win32
		{E29DE9F5-7DE1-496A-9E48-65007F2D2376}.Debug|x86.Build.0 = Debug|Win32
		{E29DE9F5-7DE1-496A-9E48-65007F2D2376}.Release|x64.ActiveCfg = Release|x64
		{E29DE9F5-7DE1-496A-9E48-65007F2D2376}.Release|x64.Build.0 = Release|x64
		{E29DE9F5-7DE1-496A-9E48-65007F2D2376}.Release|x86.ActiveCfg = Release|Win32
		{E29DE9F5-7DE1-496A-9E48-65007F2D2376}.Release|x86.Build.0 = Release|Win32
	EndGlobalSection
	GlobalSection(SolutionProperties) = preSolution
		HideSolutionNode = FALSE
	EndGlobalSection
	GlobalSection(ExtensibilityGlobals) = postSolution
		SolutionGuid = {5E9420CA-7BE5-438A-BD20-AC6B2B49D74F}
	EndGlobalSection
EndGlobal
